
Microsoft Visual Studio Solution File, Format Version 12.00
# Visual Studio Version 16
VisualStudioVersion = 16.0.32413.511
MinimumVisualStudioVersion = 10.0.40219.1
Project("{FAE04EC0-301F-11D3-BF4B-00C04F79EFBC}") = "SQLBACKUP", "SQLBACKUP\SQLBACKUP.csproj", "{1F7C1E91-0F02-4195-AA4E-36C9B7E2B55C}"
EndProject
Project("{2150E333-8FDC-42A3-9474-1A3956D46DE8}") = "Solution Items", "Solution Items", "{98EFA35A-823D-4C43-938B-93F0BF941D82}"
	ProjectSection(SolutionItems) = preProject
		.editorconfig = .editorconfig
	EndProjectSection
EndProject
Global
	GlobalSection(SolutionConfigurationPlatforms) = preSolution
		Debug|Any CPU = Debug|Any CPU
		Release|Any CPU = Release|Any CPU
	EndGlobalSection
	GlobalSection(ProjectConfigurationPlatforms) = postSolution
		{1F7C1E91-0F02-4195-AA4E-36C9B7E2B55C}.Debug|Any CPU.ActiveCfg = Debug|Any CPU
		{1F7C1E91-0F02-4195-AA4E-36C9B7E2B55C}.Debug|Any CPU.Build.0 = Debug|Any CPU
		{1F7C1E91-0F02-4195-AA4E-36C9B7E2B55C}.Release|Any CPU.ActiveCfg = Release|Any CPU
		{1F7C1E91-0F02-4195-AA4E-36C9B7E2B55C}.Release|Any CPU.Build.0 = Release|Any CPU
	EndGlobalSection
	GlobalSection(SolutionProperties) = preSolution
		HideSolutionNode = FALSE
	EndGlobalSection
	GlobalSection(ExtensibilityGlobals) = postSolution
		SolutionGuid = {6DB4AE32-BC50-4E34-9439-95A9C99196D7}
	EndGlobalSection
EndGlobal
